
Microsoft Visual Studio Solution File, Format Version 12.00
# Visual Studio Version 17
VisualStudioVersion = 17.2.32616.157
MinimumVisualStudioVersion = 10.0.40219.1
Project("{FAE04EC0-301F-11D3-BF4B-00C04F79EFBC}") = "Day-15-Hash-UC-2", "Day-15-Hash-UC-2\Day-15-Hash-UC-2.csproj", "{529FAE27-0D76-4FB7-82B6-9805F697E247}"
EndProject
Global
	GlobalSection(SolutionConfigurationPlatforms) = preSolution
		Debug|Any CPU = Debug|Any CPU
		Release|Any CPU = Release|Any CPU
	EndGlobalSection
	GlobalSection(ProjectConfigurationPlatforms) = postSolution
		{529FAE27-0D76-4FB7-82B6-9805F697E247}.Debug|Any CPU.ActiveCfg = Debug|Any CPU
		{529FAE27-0D76-4FB7-82B6-9805F697E247}.Debug|Any CPU.Build.0 = Debug|Any CPU
		{529FAE27-0D76-4FB7-82B6-9805F697E247}.Release|Any CPU.ActiveCfg = Release|Any CPU
		{529FAE27-0D76-4FB7-82B6-9805F697E247}.Release|Any CPU.Build.0 = Release|Any CPU
	EndGlobalSection
	GlobalSection(SolutionProperties) = preSolution
		HideSolutionNode = FALSE
	EndGlobalSection
	GlobalSection(ExtensibilityGlobals) = postSolution
		SolutionGuid = {F9B895D0-A8E6-463C-9832-0A7672F5BEA9}
	EndGlobalSection
EndGlobal
